
Microsoft Visual Studio Solution File, Format Version 12.00
# Visual Studio Version 17
VisualStudioVersion = 17.2.32630.192
MinimumVisualStudioVersion = 10.0.40219.1
Project("{9A19103F-16F7-4668-BE54-9A1E7A4F7556}") = "Epidemic", "Epidemic\Epidemic.csproj", "{561FB2E5-DBDA-4403-9672-44C6A63AD3D2}"
EndProject
Project("{9A19103F-16F7-4668-BE54-9A1E7A4F7556}") = "EpidemicTests", "EpidemicTests\EpidemicTests.csproj", "{5DEE1F5E-44F9-44C6-BEE6-5DB11883557A}"
EndProject
Project("{9A19103F-16F7-4668-BE54-9A1E7A4F7556}") = "SIStudy", "SIStudy\SIStudy.csproj", "{3B495481-1D44-4648-9667-C06FE3A7F39F}"
EndProject
Project("{9A19103F-16F7-4668-BE54-9A1E7A4F7556}") = "SIRStudy", "SIRStudy\SIRStudy.csproj", "{8E0F9ADC-E224-4B63-8BAE-6DA3D56E42CA}"
EndProject
Project("{FAE04EC0-301F-11D3-BF4B-00C04F79EFBC}") = "Tag", "Tag\Tag.csproj", "{B4AD4F05-7549-48A0-904C-49EAD20656F8}"
EndProject
Global
	GlobalSection(SolutionConfigurationPlatforms) = preSolution
		Debug|Any CPU = Debug|Any CPU
		Release|Any CPU = Release|Any CPU
	EndGlobalSection
	GlobalSection(ProjectConfigurationPlatforms) = postSolution
		{561FB2E5-DBDA-4403-9672-44C6A63AD3D2}.Debug|Any CPU.ActiveCfg = Debug|Any CPU
		{561FB2E5-DBDA-4403-9672-44C6A63AD3D2}.Debug|Any CPU.Build.0 = Debug|Any CPU
		{561FB2E5-DBDA-4403-9672-44C6A63AD3D2}.Release|Any CPU.ActiveCfg = Release|Any CPU
		{561FB2E5-DBDA-4403-9672-44C6A63AD3D2}.Release|Any CPU.Build.0 = Release|Any CPU
		{5DEE1F5E-44F9-44C6-BEE6-5DB11883557A}.Debug|Any CPU.ActiveCfg = Debug|Any CPU
		{5DEE1F5E-44F9-44C6-BEE6-5DB11883557A}.Debug|Any CPU.Build.0 = Debug|Any CPU
		{5DEE1F5E-44F9-44C6-BEE6-5DB11883557A}.Release|Any CPU.ActiveCfg = Release|Any CPU
		{5DEE1F5E-44F9-44C6-BEE6-5DB11883557A}.Release|Any CPU.Build.0 = Release|Any CPU
		{3B495481-1D44-4648-9667-C06FE3A7F39F}.Debug|Any CPU.ActiveCfg = Debug|Any CPU
		{3B495481-1D44-4648-9667-C06FE3A7F39F}.Debug|Any CPU.Build.0 = Debug|Any CPU
		{3B495481-1D44-4648-9667-C06FE3A7F39F}.Release|Any CPU.ActiveCfg = Release|Any CPU
		{3B495481-1D44-4648-9667-C06FE3A7F39F}.Release|Any CPU.Build.0 = Release|Any CPU
		{8E0F9ADC-E224-4B63-8BAE-6DA3D56E42CA}.Debug|Any CPU.ActiveCfg = Debug|Any CPU
		{8E0F9ADC-E224-4B63-8BAE-6DA3D56E42CA}.Debug|Any CPU.Build.0 = Debug|Any CPU
		{8E0F9ADC-E224-4B63-8BAE-6DA3D56E42CA}.Release|Any CPU.ActiveCfg = Release|Any CPU
		{8E0F9ADC-E224-4B63-8BAE-6DA3D56E42CA}.Release|Any CPU.Build.0 = Release|Any CPU
		{B4AD4F05-7549-48A0-904C-49EAD20656F8}.Debug|Any CPU.ActiveCfg = Debug|Any CPU
		{B4AD4F05-7549-48A0-904C-49EAD20656F8}.Debug|Any CPU.Build.0 = Debug|Any CPU
		{B4AD4F05-7549-48A0-904C-49EAD20656F8}.Release|Any CPU.ActiveCfg = Release|Any CPU
		{B4AD4F05-7549-48A0-904C-49EAD20656F8}.Release|Any CPU.Build.0 = Release|Any CPU
	EndGlobalSection
	GlobalSection(SolutionProperties) = preSolution
		HideSolutionNode = FALSE
	EndGlobalSection
	GlobalSection(ExtensibilityGlobals) = postSolution
		SolutionGuid = {C607A89E-CEC6-41CE-8071-9F9656DB400D}
	EndGlobalSection
EndGlobal
